// !$*UTF8*$!
{
	archiveVersion = 1;
	classes = {
	};
	objectVersion = 50;
	objects = {

/* Begin PBXBuildFile section */
		29480B0C21D0FF82003DEF8B /* CategoriesListViewModelTests.swift in Sources */ = {isa = PBXBuildFile; fileRef = 29480B0B21D0FF82003DEF8B /* CategoriesListViewModelTests.swift */; };
		29480B0E21D0FFA8003DEF8B /* FactDetailsViewModelTests.swift in Sources */ = {isa = PBXBuildFile; fileRef = 29480B0D21D0FFA8003DEF8B /* FactDetailsViewModelTests.swift */; };
		29480B1021D102F3003DEF8B /* CategoriesRequestsMock.swift in Sources */ = {isa = PBXBuildFile; fileRef = 29480B0F21D102F3003DEF8B /* CategoriesRequestsMock.swift */; };
		29480B1221D108C4003DEF8B /* FactRequestMock.swift in Sources */ = {isa = PBXBuildFile; fileRef = 29480B1121D108C4003DEF8B /* FactRequestMock.swift */; };
		650F1F2A21CB102B0024CAFE /* FactEndpoints.swift in Sources */ = {isa = PBXBuildFile; fileRef = 650F1F2921CB102B0024CAFE /* FactEndpoints.swift */; };
		650F1F2C21CB104C0024CAFE /* FactDetailsViewModel.swift in Sources */ = {isa = PBXBuildFile; fileRef = 650F1F2B21CB104C0024CAFE /* FactDetailsViewModel.swift */; };
		650F1F2E21CB10590024CAFE /* FactDetailsViewController.swift in Sources */ = {isa = PBXBuildFile; fileRef = 650F1F2D21CB10590024CAFE /* FactDetailsViewController.swift */; };
		650F1F3021CB11280024CAFE /* CategoriesRequests.swift in Sources */ = {isa = PBXBuildFile; fileRef = 650F1F2F21CB11280024CAFE /* CategoriesRequests.swift */; };
		650F1F3221CB18310024CAFE /* FactRequests.swift in Sources */ = {isa = PBXBuildFile; fileRef = 650F1F3121CB18310024CAFE /* FactRequests.swift */; };
		652E59BC21CB034700273194 /* Requester.swift in Sources */ = {isa = PBXBuildFile; fileRef = 652E59A221CB034700273194 /* Requester.swift */; };
		652E59BD21CB034700273194 /* RequestResult.swift in Sources */ = {isa = PBXBuildFile; fileRef = 652E59A321CB034700273194 /* RequestResult.swift */; };
		652E59BE21CB034700273194 /* RequestMethods.swift in Sources */ = {isa = PBXBuildFile; fileRef = 652E59A421CB034700273194 /* RequestMethods.swift */; };
		652E59BF21CB034700273194 /* RequestHeaders.swift in Sources */ = {isa = PBXBuildFile; fileRef = 652E59A521CB034700273194 /* RequestHeaders.swift */; };
		652E59C021CB034700273194 /* Decodable+Utils.swift in Sources */ = {isa = PBXBuildFile; fileRef = 652E59A721CB034700273194 /* Decodable+Utils.swift */; };
		652E59C121CB034700273194 /* URLRequest+Utils.swift in Sources */ = {isa = PBXBuildFile; fileRef = 652E59A821CB034700273194 /* URLRequest+Utils.swift */; };
		652E59C321CB034700273194 /* URLSession+Utils.swift in Sources */ = {isa = PBXBuildFile; fileRef = 652E59AA21CB034700273194 /* URLSession+Utils.swift */; };
		652E59C421CB034700273194 /* RequestStatus.swift in Sources */ = {isa = PBXBuildFile; fileRef = 652E59AB21CB034700273194 /* RequestStatus.swift */; };
		652E59C521CB034700273194 /* API.swift in Sources */ = {isa = PBXBuildFile; fileRef = 652E59AC21CB034700273194 /* API.swift */; };
		652E59C621CB034700273194 /* RequestSetup.swift in Sources */ = {isa = PBXBuildFile; fileRef = 652E59AE21CB034700273194 /* RequestSetup.swift */; };
		652E59C721CB034700273194 /* HeaderSetup.swift in Sources */ = {isa = PBXBuildFile; fileRef = 652E59AF21CB034700273194 /* HeaderSetup.swift */; };
		652E59C821CB034700273194 /* EndpointSetup.swift in Sources */ = {isa = PBXBuildFile; fileRef = 652E59B021CB034700273194 /* EndpointSetup.swift */; };
		652E59C921CB034700273194 /* NetworkDataSetup.swift in Sources */ = {isa = PBXBuildFile; fileRef = 652E59B121CB034700273194 /* NetworkDataSetup.swift */; };
		652E59CA21CB034700273194 /* APISetup.swift in Sources */ = {isa = PBXBuildFile; fileRef = 652E59B221CB034700273194 /* APISetup.swift */; };
		652E59CB21CB034700273194 /* RequestError.swift in Sources */ = {isa = PBXBuildFile; fileRef = 652E59B321CB034700273194 /* RequestError.swift */; };
		652E59D521CB07C100273194 /* CategoriesEndpoints.swift in Sources */ = {isa = PBXBuildFile; fileRef = 652E59D421CB07C100273194 /* CategoriesEndpoints.swift */; };
		652E59D721CB07D300273194 /* Category.swift in Sources */ = {isa = PBXBuildFile; fileRef = 652E59D621CB07D300273194 /* Category.swift */; };
		652E59D921CB07F200273194 /* CategoriesListViewModel.swift in Sources */ = {isa = PBXBuildFile; fileRef = 652E59D821CB07F200273194 /* CategoriesListViewModel.swift */; };
		652E59DB21CB080700273194 /* CategoriesListViewController.swift in Sources */ = {isa = PBXBuildFile; fileRef = 652E59DA21CB080700273194 /* CategoriesListViewController.swift */; };
		652E59E121CB08A200273194 /* Fact.swift in Sources */ = {isa = PBXBuildFile; fileRef = 652E59E021CB08A200273194 /* Fact.swift */; };
		656DDD2621CF07D8007E584E /* APITests.swift in Sources */ = {isa = PBXBuildFile; fileRef = 656DDD2521CF07D8007E584E /* APITests.swift */; };
		656DDD2821CF086B007E584E /* RequestHeadersTests.swift in Sources */ = {isa = PBXBuildFile; fileRef = 656DDD2721CF086B007E584E /* RequestHeadersTests.swift */; };
		656DDD2A21CF0AE4007E584E /* RequestResultFactoryTests.swift in Sources */ = {isa = PBXBuildFile; fileRef = 656DDD2921CF0AE4007E584E /* RequestResultFactoryTests.swift */; };
		656DDD2C21CF1268007E584E /* RequestErrorFactoryTests.swift in Sources */ = {isa = PBXBuildFile; fileRef = 656DDD2B21CF1268007E584E /* RequestErrorFactoryTests.swift */; };
		656DDD3021D01BE6007E584E /* CategoriesEndpointsTests.swift in Sources */ = {isa = PBXBuildFile; fileRef = 656DDD2F21D01BE6007E584E /* CategoriesEndpointsTests.swift */; };
		656DDD3221D01CF3007E584E /* CategoriesRequestTests.swift in Sources */ = {isa = PBXBuildFile; fileRef = 656DDD3121D01CF3007E584E /* CategoriesRequestTests.swift */; };
		656DDD3621D01E63007E584E /* CategoriesMock.swift in Sources */ = {isa = PBXBuildFile; fileRef = 656DDD3521D01E63007E584E /* CategoriesMock.swift */; };
		656DDD3821D02262007E584E /* CategoriesRequester.swift in Sources */ = {isa = PBXBuildFile; fileRef = 656DDD3721D02262007E584E /* CategoriesRequester.swift */; };
		65790F6721D02729004712AF /* FactMock.swift in Sources */ = {isa = PBXBuildFile; fileRef = 65790F6621D02729004712AF /* FactMock.swift */; };
		65790F6A21D0279C004712AF /* Mock.swift in Sources */ = {isa = PBXBuildFile; fileRef = 65790F6921D0279C004712AF /* Mock.swift */; };
		65790F6C21D03071004712AF /* RequesterMock.swift in Sources */ = {isa = PBXBuildFile; fileRef = 65790F6B21D03071004712AF /* RequesterMock.swift */; };
		65790F6E21D0316B004712AF /* FactRequester.swift in Sources */ = {isa = PBXBuildFile; fileRef = 65790F6D21D0316B004712AF /* FactRequester.swift */; };
		65790F7421D03324004712AF /* FactsEndpointsTests.swift in Sources */ = {isa = PBXBuildFile; fileRef = 65790F7321D03324004712AF /* FactsEndpointsTests.swift */; };
		65790F7621D033A0004712AF /* FactRequestTests.swift in Sources */ = {isa = PBXBuildFile; fileRef = 65790F7521D033A0004712AF /* FactRequestTests.swift */; };
		65790F7A21D03B01004712AF /* CategoryTableViewCell.swift in Sources */ = {isa = PBXBuildFile; fileRef = 65790F7921D03B01004712AF /* CategoryTableViewCell.swift */; };
		65790F7F21D04807004712AF /* FactAlert.swift in Sources */ = {isa = PBXBuildFile; fileRef = 65790F7E21D04807004712AF /* FactAlert.swift */; };
		65790F8421D04E74004712AF /* ViewController+Utils.swift in Sources */ = {isa = PBXBuildFile; fileRef = 65790F8321D04E74004712AF /* ViewController+Utils.swift */; };
		65790F8621D078C0004712AF /* ImageView+Utils.swift in Sources */ = {isa = PBXBuildFile; fileRef = 65790F8521D078C0004712AF /* ImageView+Utils.swift */; };
		65790F8821D1640A004712AF /* UIColor+Utils.swift in Sources */ = {isa = PBXBuildFile; fileRef = 65790F8721D1640A004712AF /* UIColor+Utils.swift */; };
		65A346BF21C9CD34008CC319 /* AppDelegate.swift in Sources */ = {isa = PBXBuildFile; fileRef = 65A346BE21C9CD34008CC319 /* AppDelegate.swift */; };
		65A346C421C9CD34008CC319 /* Main.storyboard in Resources */ = {isa = PBXBuildFile; fileRef = 65A346C221C9CD34008CC319 /* Main.storyboard */; };
		65A346C721C9CD34008CC319 /* Chuck_Facts.xcdatamodeld in Sources */ = {isa = PBXBuildFile; fileRef = 65A346C521C9CD34008CC319 /* Chuck_Facts.xcdatamodeld */; };
		65A346C921C9CD35008CC319 /* Assets.xcassets in Resources */ = {isa = PBXBuildFile; fileRef = 65A346C821C9CD35008CC319 /* Assets.xcassets */; };
		65A346CC21C9CD35008CC319 /* LaunchScreen.storyboard in Resources */ = {isa = PBXBuildFile; fileRef = 65A346CA21C9CD35008CC319 /* LaunchScreen.storyboard */; };
		65A346E221C9CD35008CC319 /* Chuck_FactsUITests.swift in Sources */ = {isa = PBXBuildFile; fileRef = 65A346E121C9CD35008CC319 /* Chuck_FactsUITests.swift */; };
		CFF4C126DBB6169A66A9CB76 /* Pods_Chuck_FactsTests.framework in Frameworks */ = {isa = PBXBuildFile; fileRef = 5A462CD862A23917BDFB11AD /* Pods_Chuck_FactsTests.framework */; };
		D9B2EBAEBA692696390B63D7 /* Pods_Chuck_Facts.framework in Frameworks */ = {isa = PBXBuildFile; fileRef = 907A7A1567FC40522CDB6583 /* Pods_Chuck_Facts.framework */; };
/* End PBXBuildFile section */

/* Begin PBXContainerItemProxy section */
		65A346D321C9CD35008CC319 /* PBXContainerItemProxy */ = {
			isa = PBXContainerItemProxy;
			containerPortal = 65A346B321C9CD33008CC319 /* Project object */;
			proxyType = 1;
			remoteGlobalIDString = 65A346BA21C9CD33008CC319;
			remoteInfo = "Chuck Facts";
		};
		65A346DE21C9CD35008CC319 /* PBXContainerItemProxy */ = {
			isa = PBXContainerItemProxy;
			containerPortal = 65A346B321C9CD33008CC319 /* Project object */;
			proxyType = 1;
			remoteGlobalIDString = 65A346BA21C9CD33008CC319;
			remoteInfo = "Chuck Facts";
		};
/* End PBXContainerItemProxy section */

/* Begin PBXFileReference section */
		055B333FF0A10498FF83F335 /* Pods-Chuck FactsTests.debug.xcconfig */ = {isa = PBXFileReference; includeInIndex = 1; lastKnownFileType = text.xcconfig; name = "Pods-Chuck FactsTests.debug.xcconfig"; path = "Pods/Target Support Files/Pods-Chuck FactsTests/Pods-Chuck FactsTests.debug.xcconfig"; sourceTree = "<group>"; };
		0EF44A4D4F1D9F3844499A9F /* Pods-Chuck Facts.debug.xcconfig */ = {isa = PBXFileReference; includeInIndex = 1; lastKnownFileType = text.xcconfig; name = "Pods-Chuck Facts.debug.xcconfig"; path = "Pods/Target Support Files/Pods-Chuck Facts/Pods-Chuck Facts.debug.xcconfig"; sourceTree = "<group>"; };
		12D5A02B9697FB2449AAEE26 /* Pods-Chuck FactsTests.release.xcconfig */ = {isa = PBXFileReference; includeInIndex = 1; lastKnownFileType = text.xcconfig; name = "Pods-Chuck FactsTests.release.xcconfig"; path = "Pods/Target Support Files/Pods-Chuck FactsTests/Pods-Chuck FactsTests.release.xcconfig"; sourceTree = "<group>"; };
		29480B0B21D0FF82003DEF8B /* CategoriesListViewModelTests.swift */ = {isa = PBXFileReference; lastKnownFileType = sourcecode.swift; path = CategoriesListViewModelTests.swift; sourceTree = "<group>"; };
		29480B0D21D0FFA8003DEF8B /* FactDetailsViewModelTests.swift */ = {isa = PBXFileReference; lastKnownFileType = sourcecode.swift; path = FactDetailsViewModelTests.swift; sourceTree = "<group>"; };
		29480B0F21D102F3003DEF8B /* CategoriesRequestsMock.swift */ = {isa = PBXFileReference; lastKnownFileType = sourcecode.swift; path = CategoriesRequestsMock.swift; sourceTree = "<group>"; };
		29480B1121D108C4003DEF8B /* FactRequestMock.swift */ = {isa = PBXFileReference; lastKnownFileType = sourcecode.swift; path = FactRequestMock.swift; sourceTree = "<group>"; };
		5A462CD862A23917BDFB11AD /* Pods_Chuck_FactsTests.framework */ = {isa = PBXFileReference; explicitFileType = wrapper.framework; includeInIndex = 0; path = Pods_Chuck_FactsTests.framework; sourceTree = BUILT_PRODUCTS_DIR; };
		650F1F2921CB102B0024CAFE /* FactEndpoints.swift */ = {isa = PBXFileReference; lastKnownFileType = sourcecode.swift; path = FactEndpoints.swift; sourceTree = "<group>"; };
		650F1F2B21CB104C0024CAFE /* FactDetailsViewModel.swift */ = {isa = PBXFileReference; lastKnownFileType = sourcecode.swift; path = FactDetailsViewModel.swift; sourceTree = "<group>"; };
		650F1F2D21CB10590024CAFE /* FactDetailsViewController.swift */ = {isa = PBXFileReference; lastKnownFileType = sourcecode.swift; path = FactDetailsViewController.swift; sourceTree = "<group>"; };
		650F1F2F21CB11280024CAFE /* CategoriesRequests.swift */ = {isa = PBXFileReference; lastKnownFileType = sourcecode.swift; path = CategoriesRequests.swift; sourceTree = "<group>"; };
		650F1F3121CB18310024CAFE /* FactRequests.swift */ = {isa = PBXFileReference; lastKnownFileType = sourcecode.swift; path = FactRequests.swift; sourceTree = "<group>"; };
		652E598D21C9D7C700273194 /* RxCocoa.framework */ = {isa = PBXFileReference; explicitFileType = wrapper.framework; path = RxCocoa.framework; sourceTree = BUILT_PRODUCTS_DIR; };
		652E598F21C9D7C700273194 /* RxSwift.framework */ = {isa = PBXFileReference; explicitFileType = wrapper.framework; path = RxSwift.framework; sourceTree = BUILT_PRODUCTS_DIR; };
		652E59A221CB034700273194 /* Requester.swift */ = {isa = PBXFileReference; fileEncoding = 4; lastKnownFileType = sourcecode.swift; path = Requester.swift; sourceTree = "<group>"; };
		652E59A321CB034700273194 /* RequestResult.swift */ = {isa = PBXFileReference; fileEncoding = 4; lastKnownFileType = sourcecode.swift; path = RequestResult.swift; sourceTree = "<group>"; };
		652E59A421CB034700273194 /* RequestMethods.swift */ = {isa = PBXFileReference; fileEncoding = 4; lastKnownFileType = sourcecode.swift; path = RequestMethods.swift; sourceTree = "<group>"; };
		652E59A521CB034700273194 /* RequestHeaders.swift */ = {isa = PBXFileReference; fileEncoding = 4; lastKnownFileType = sourcecode.swift; path = RequestHeaders.swift; sourceTree = "<group>"; };
		652E59A721CB034700273194 /* Decodable+Utils.swift */ = {isa = PBXFileReference; fileEncoding = 4; lastKnownFileType = sourcecode.swift; path = "Decodable+Utils.swift"; sourceTree = "<group>"; };
		652E59A821CB034700273194 /* URLRequest+Utils.swift */ = {isa = PBXFileReference; fileEncoding = 4; lastKnownFileType = sourcecode.swift; path = "URLRequest+Utils.swift"; sourceTree = "<group>"; };
		652E59AA21CB034700273194 /* URLSession+Utils.swift */ = {isa = PBXFileReference; fileEncoding = 4; lastKnownFileType = sourcecode.swift; path = "URLSession+Utils.swift"; sourceTree = "<group>"; };
		652E59AB21CB034700273194 /* RequestStatus.swift */ = {isa = PBXFileReference; fileEncoding = 4; lastKnownFileType = sourcecode.swift; path = RequestStatus.swift; sourceTree = "<group>"; };
		652E59AC21CB034700273194 /* API.swift */ = {isa = PBXFileReference; fileEncoding = 4; lastKnownFileType = sourcecode.swift; path = API.swift; sourceTree = "<group>"; };
		652E59AE21CB034700273194 /* RequestSetup.swift */ = {isa = PBXFileReference; fileEncoding = 4; lastKnownFileType = sourcecode.swift; path = RequestSetup.swift; sourceTree = "<group>"; };
		652E59AF21CB034700273194 /* HeaderSetup.swift */ = {isa = PBXFileReference; fileEncoding = 4; lastKnownFileType = sourcecode.swift; path = HeaderSetup.swift; sourceTree = "<group>"; };
		652E59B021CB034700273194 /* EndpointSetup.swift */ = {isa = PBXFileReference; fileEncoding = 4; lastKnownFileType = sourcecode.swift; path = EndpointSetup.swift; sourceTree = "<group>"; };
		652E59B121CB034700273194 /* NetworkDataSetup.swift */ = {isa = PBXFileReference; fileEncoding = 4; lastKnownFileType = sourcecode.swift; path = NetworkDataSetup.swift; sourceTree = "<group>"; };
		652E59B221CB034700273194 /* APISetup.swift */ = {isa = PBXFileReference; fileEncoding = 4; lastKnownFileType = sourcecode.swift; path = APISetup.swift; sourceTree = "<group>"; };
		652E59B321CB034700273194 /* RequestError.swift */ = {isa = PBXFileReference; fileEncoding = 4; lastKnownFileType = sourcecode.swift; path = RequestError.swift; sourceTree = "<group>"; };
		652E59D421CB07C100273194 /* CategoriesEndpoints.swift */ = {isa = PBXFileReference; lastKnownFileType = sourcecode.swift; path = CategoriesEndpoints.swift; sourceTree = "<group>"; };
		652E59D621CB07D300273194 /* Category.swift */ = {isa = PBXFileReference; lastKnownFileType = sourcecode.swift; path = Category.swift; sourceTree = "<group>"; };
		652E59D821CB07F200273194 /* CategoriesListViewModel.swift */ = {isa = PBXFileReference; lastKnownFileType = sourcecode.swift; path = CategoriesListViewModel.swift; sourceTree = "<group>"; };
		652E59DA21CB080700273194 /* CategoriesListViewController.swift */ = {isa = PBXFileReference; lastKnownFileType = sourcecode.swift; path = CategoriesListViewController.swift; sourceTree = "<group>"; };
		652E59E021CB08A200273194 /* Fact.swift */ = {isa = PBXFileReference; lastKnownFileType = sourcecode.swift; path = Fact.swift; sourceTree = "<group>"; };
		656DDD2521CF07D8007E584E /* APITests.swift */ = {isa = PBXFileReference; lastKnownFileType = sourcecode.swift; path = APITests.swift; sourceTree = "<group>"; };
		656DDD2721CF086B007E584E /* RequestHeadersTests.swift */ = {isa = PBXFileReference; lastKnownFileType = sourcecode.swift; path = RequestHeadersTests.swift; sourceTree = "<group>"; };
		656DDD2921CF0AE4007E584E /* RequestResultFactoryTests.swift */ = {isa = PBXFileReference; lastKnownFileType = sourcecode.swift; path = RequestResultFactoryTests.swift; sourceTree = "<group>"; };
		656DDD2B21CF1268007E584E /* RequestErrorFactoryTests.swift */ = {isa = PBXFileReference; lastKnownFileType = sourcecode.swift; path = RequestErrorFactoryTests.swift; sourceTree = "<group>"; };
		656DDD2F21D01BE6007E584E /* CategoriesEndpointsTests.swift */ = {isa = PBXFileReference; lastKnownFileType = sourcecode.swift; path = CategoriesEndpointsTests.swift; sourceTree = "<group>"; };
		656DDD3121D01CF3007E584E /* CategoriesRequestTests.swift */ = {isa = PBXFileReference; lastKnownFileType = sourcecode.swift; path = CategoriesRequestTests.swift; sourceTree = "<group>"; };
		656DDD3521D01E63007E584E /* CategoriesMock.swift */ = {isa = PBXFileReference; lastKnownFileType = sourcecode.swift; path = CategoriesMock.swift; sourceTree = "<group>"; };
		656DDD3721D02262007E584E /* CategoriesRequester.swift */ = {isa = PBXFileReference; lastKnownFileType = sourcecode.swift; path = CategoriesRequester.swift; sourceTree = "<group>"; };
		65790F6621D02729004712AF /* FactMock.swift */ = {isa = PBXFileReference; lastKnownFileType = sourcecode.swift; path = FactMock.swift; sourceTree = "<group>"; };
		65790F6921D0279C004712AF /* Mock.swift */ = {isa = PBXFileReference; lastKnownFileType = sourcecode.swift; path = Mock.swift; sourceTree = "<group>"; };
		65790F6B21D03071004712AF /* RequesterMock.swift */ = {isa = PBXFileReference; lastKnownFileType = sourcecode.swift; path = RequesterMock.swift; sourceTree = "<group>"; };
		65790F6D21D0316B004712AF /* FactRequester.swift */ = {isa = PBXFileReference; lastKnownFileType = sourcecode.swift; path = FactRequester.swift; sourceTree = "<group>"; };
		65790F7321D03324004712AF /* FactsEndpointsTests.swift */ = {isa = PBXFileReference; lastKnownFileType = sourcecode.swift; path = FactsEndpointsTests.swift; sourceTree = "<group>"; };
		65790F7521D033A0004712AF /* FactRequestTests.swift */ = {isa = PBXFileReference; lastKnownFileType = sourcecode.swift; path = FactRequestTests.swift; sourceTree = "<group>"; };
		65790F7921D03B01004712AF /* CategoryTableViewCell.swift */ = {isa = PBXFileReference; lastKnownFileType = sourcecode.swift; path = CategoryTableViewCell.swift; sourceTree = "<group>"; };
		65790F7E21D04807004712AF /* FactAlert.swift */ = {isa = PBXFileReference; lastKnownFileType = sourcecode.swift; path = FactAlert.swift; sourceTree = "<group>"; };
		65790F8321D04E74004712AF /* ViewController+Utils.swift */ = {isa = PBXFileReference; lastKnownFileType = sourcecode.swift; path = "ViewController+Utils.swift"; sourceTree = "<group>"; };
		65790F8521D078C0004712AF /* ImageView+Utils.swift */ = {isa = PBXFileReference; lastKnownFileType = sourcecode.swift; path = "ImageView+Utils.swift"; sourceTree = "<group>"; };
		65790F8721D1640A004712AF /* UIColor+Utils.swift */ = {isa = PBXFileReference; lastKnownFileType = sourcecode.swift; path = "UIColor+Utils.swift"; sourceTree = "<group>"; };
		65A346BB21C9CD34008CC319 /* Chuck Facts.app */ = {isa = PBXFileReference; explicitFileType = wrapper.application; includeInIndex = 0; path = "Chuck Facts.app"; sourceTree = BUILT_PRODUCTS_DIR; };
		65A346BE21C9CD34008CC319 /* AppDelegate.swift */ = {isa = PBXFileReference; lastKnownFileType = sourcecode.swift; name = AppDelegate.swift; path = "Chuck Facts/AppDelegate.swift"; sourceTree = SOURCE_ROOT; };
		65A346C321C9CD34008CC319 /* Base */ = {isa = PBXFileReference; lastKnownFileType = file.storyboard; name = Base; path = Base.lproj/Main.storyboard; sourceTree = "<group>"; };
		65A346C621C9CD34008CC319 /* Chuck_Facts.xcdatamodel */ = {isa = PBXFileReference; lastKnownFileType = wrapper.xcdatamodel; path = Chuck_Facts.xcdatamodel; sourceTree = "<group>"; };
		65A346C821C9CD35008CC319 /* Assets.xcassets */ = {isa = PBXFileReference; lastKnownFileType = folder.assetcatalog; path = Assets.xcassets; sourceTree = "<group>"; };
		65A346CB21C9CD35008CC319 /* Base */ = {isa = PBXFileReference; lastKnownFileType = file.storyboard; name = Base; path = Base.lproj/LaunchScreen.storyboard; sourceTree = "<group>"; };
		65A346CD21C9CD35008CC319 /* Info.plist */ = {isa = PBXFileReference; lastKnownFileType = text.plist.xml; path = Info.plist; sourceTree = "<group>"; };
		65A346D221C9CD35008CC319 /* Chuck FactsTests.xctest */ = {isa = PBXFileReference; explicitFileType = wrapper.cfbundle; includeInIndex = 0; path = "Chuck FactsTests.xctest"; sourceTree = BUILT_PRODUCTS_DIR; };
		65A346D821C9CD35008CC319 /* Info.plist */ = {isa = PBXFileReference; lastKnownFileType = text.plist.xml; path = Info.plist; sourceTree = "<group>"; };
		65A346DD21C9CD35008CC319 /* Chuck FactsUITests.xctest */ = {isa = PBXFileReference; explicitFileType = wrapper.cfbundle; includeInIndex = 0; path = "Chuck FactsUITests.xctest"; sourceTree = BUILT_PRODUCTS_DIR; };
		65A346E121C9CD35008CC319 /* Chuck_FactsUITests.swift */ = {isa = PBXFileReference; lastKnownFileType = sourcecode.swift; path = Chuck_FactsUITests.swift; sourceTree = "<group>"; };
		65A346E321C9CD35008CC319 /* Info.plist */ = {isa = PBXFileReference; lastKnownFileType = text.plist.xml; path = Info.plist; sourceTree = "<group>"; };
		68B0145D8D21E26814262F90 /* Pods-Chuck Facts.release.xcconfig */ = {isa = PBXFileReference; includeInIndex = 1; lastKnownFileType = text.xcconfig; name = "Pods-Chuck Facts.release.xcconfig"; path = "Pods/Target Support Files/Pods-Chuck Facts/Pods-Chuck Facts.release.xcconfig"; sourceTree = "<group>"; };
		907A7A1567FC40522CDB6583 /* Pods_Chuck_Facts.framework */ = {isa = PBXFileReference; explicitFileType = wrapper.framework; includeInIndex = 0; path = Pods_Chuck_Facts.framework; sourceTree = BUILT_PRODUCTS_DIR; };
/* End PBXFileReference section */

/* Begin PBXFrameworksBuildPhase section */
		65A346B821C9CD33008CC319 /* Frameworks */ = {
			isa = PBXFrameworksBuildPhase;
			buildActionMask = 2147483647;
			files = (
				D9B2EBAEBA692696390B63D7 /* Pods_Chuck_Facts.framework in Frameworks */,
			);
			runOnlyForDeploymentPostprocessing = 0;
		};
		65A346CF21C9CD35008CC319 /* Frameworks */ = {
			isa = PBXFrameworksBuildPhase;
			buildActionMask = 2147483647;
			files = (
				CFF4C126DBB6169A66A9CB76 /* Pods_Chuck_FactsTests.framework in Frameworks */,
			);
			runOnlyForDeploymentPostprocessing = 0;
		};
		65A346DA21C9CD35008CC319 /* Frameworks */ = {
			isa = PBXFrameworksBuildPhase;
			buildActionMask = 2147483647;
			files = (
			);
			runOnlyForDeploymentPostprocessing = 0;
		};
/* End PBXFrameworksBuildPhase section */

/* Begin PBXGroup section */
		0AFA01306F15021B2CD7CDDF /* Pods */ = {
			isa = PBXGroup;
			children = (
				0EF44A4D4F1D9F3844499A9F /* Pods-Chuck Facts.debug.xcconfig */,
				68B0145D8D21E26814262F90 /* Pods-Chuck Facts.release.xcconfig */,
				055B333FF0A10498FF83F335 /* Pods-Chuck FactsTests.debug.xcconfig */,
				12D5A02B9697FB2449AAEE26 /* Pods-Chuck FactsTests.release.xcconfig */,
			);
			name = Pods;
			sourceTree = "<group>";
		};
		0CB42C4A30116777DF1DADC8 /* Frameworks */ = {
			isa = PBXGroup;
			children = (
				652E598D21C9D7C700273194 /* RxCocoa.framework */,
				652E598F21C9D7C700273194 /* RxSwift.framework */,
				907A7A1567FC40522CDB6583 /* Pods_Chuck_Facts.framework */,
				5A462CD862A23917BDFB11AD /* Pods_Chuck_FactsTests.framework */,
			);
			name = Frameworks;
			sourceTree = "<group>";
		};
		29480B0921D0FF3E003DEF8B /* ViewModel */ = {
			isa = PBXGroup;
			children = (
				29480B0B21D0FF82003DEF8B /* CategoriesListViewModelTests.swift */,
			);
			path = ViewModel;
			sourceTree = "<group>";
		};
		29480B0A21D0FF49003DEF8B /* ViewModel */ = {
			isa = PBXGroup;
			children = (
				29480B0D21D0FFA8003DEF8B /* FactDetailsViewModelTests.swift */,
			);
			path = ViewModel;
			sourceTree = "<group>";
		};
		652E599321CB034700273194 /* Networking */ = {
			isa = PBXGroup;
			children = (
				652E59A621CB034700273194 /* Extensions */,
				652E59AD21CB034700273194 /* Protocols */,
				652E59A221CB034700273194 /* Requester.swift */,
				652E59A321CB034700273194 /* RequestResult.swift */,
				652E59A421CB034700273194 /* RequestMethods.swift */,
				652E59A521CB034700273194 /* RequestHeaders.swift */,
				652E59AB21CB034700273194 /* RequestStatus.swift */,
				652E59AC21CB034700273194 /* API.swift */,
				652E59B321CB034700273194 /* RequestError.swift */,
			);
			path = Networking;
			sourceTree = "<group>";
		};
		652E59A621CB034700273194 /* Extensions */ = {
			isa = PBXGroup;
			children = (
				652E59A721CB034700273194 /* Decodable+Utils.swift */,
				652E59A821CB034700273194 /* URLRequest+Utils.swift */,
				652E59AA21CB034700273194 /* URLSession+Utils.swift */,
			);
			path = Extensions;
			sourceTree = "<group>";
		};
		652E59AD21CB034700273194 /* Protocols */ = {
			isa = PBXGroup;
			children = (
				652E59AE21CB034700273194 /* RequestSetup.swift */,
				652E59AF21CB034700273194 /* HeaderSetup.swift */,
				652E59B021CB034700273194 /* EndpointSetup.swift */,
				652E59B121CB034700273194 /* NetworkDataSetup.swift */,
				652E59B221CB034700273194 /* APISetup.swift */,
			);
			path = Protocols;
			sourceTree = "<group>";
		};
		652E59CC21CB06F600273194 /* Core */ = {
			isa = PBXGroup;
			children = (
				65790F8221D04E66004712AF /* Extensions */,
				65790F7B21D04750004712AF /* ChuckFactsKit */,
				652E599321CB034700273194 /* Networking */,
			);
			path = Core;
			sourceTree = "<group>";
		};
		652E59CD21CB070000273194 /* App */ = {
			isa = PBXGroup;
			children = (
				652E59CE21CB070600273194 /* Categories List */,
				652E59D321CB072700273194 /* Fact Details */,
			);
			path = App;
			sourceTree = "<group>";
		};
		652E59CE21CB070600273194 /* Categories List */ = {
			isa = PBXGroup;
			children = (
				652E59D221CB072000273194 /* Networking */,
				652E59D121CB071D00273194 /* Model */,
				652E59D021CB071800273194 /* ViewModel */,
				652E59CF21CB071400273194 /* View */,
			);
			path = "Categories List";
			sourceTree = "<group>";
		};
		652E59CF21CB071400273194 /* View */ = {
			isa = PBXGroup;
			children = (
				65790F7821D03ADF004712AF /* TableViewCells */,
				652E59DA21CB080700273194 /* CategoriesListViewController.swift */,
			);
			path = View;
			sourceTree = "<group>";
		};
		652E59D021CB071800273194 /* ViewModel */ = {
			isa = PBXGroup;
			children = (
				652E59D821CB07F200273194 /* CategoriesListViewModel.swift */,
			);
			path = ViewModel;
			sourceTree = "<group>";
		};
		652E59D121CB071D00273194 /* Model */ = {
			isa = PBXGroup;
			children = (
				652E59D621CB07D300273194 /* Category.swift */,
			);
			path = Model;
			sourceTree = "<group>";
		};
		652E59D221CB072000273194 /* Networking */ = {
			isa = PBXGroup;
			children = (
				652E59D421CB07C100273194 /* CategoriesEndpoints.swift */,
				650F1F2F21CB11280024CAFE /* CategoriesRequests.swift */,
			);
			path = Networking;
			sourceTree = "<group>";
		};
		652E59D321CB072700273194 /* Fact Details */ = {
			isa = PBXGroup;
			children = (
				652E59DC21CB081C00273194 /* Networking */,
				652E59DD21CB082100273194 /* Model */,
				652E59DE21CB082600273194 /* ViewModel */,
				652E59DF21CB082C00273194 /* View */,
			);
			path = "Fact Details";
			sourceTree = "<group>";
		};
		652E59DC21CB081C00273194 /* Networking */ = {
			isa = PBXGroup;
			children = (
				650F1F2921CB102B0024CAFE /* FactEndpoints.swift */,
				650F1F3121CB18310024CAFE /* FactRequests.swift */,
			);
			path = Networking;
			sourceTree = "<group>";
		};
		652E59DD21CB082100273194 /* Model */ = {
			isa = PBXGroup;
			children = (
				652E59E021CB08A200273194 /* Fact.swift */,
			);
			path = Model;
			sourceTree = "<group>";
		};
		652E59DE21CB082600273194 /* ViewModel */ = {
			isa = PBXGroup;
			children = (
				650F1F2B21CB104C0024CAFE /* FactDetailsViewModel.swift */,
			);
			path = ViewModel;
			sourceTree = "<group>";
		};
		652E59DF21CB082C00273194 /* View */ = {
			isa = PBXGroup;
			children = (
				650F1F2D21CB10590024CAFE /* FactDetailsViewController.swift */,
			);
			path = View;
			sourceTree = "<group>";
		};
		652EEB6221C9D1E40072851B /* Supporting Files */ = {
			isa = PBXGroup;
			children = (
				65A346CA21C9CD35008CC319 /* LaunchScreen.storyboard */,
				65A346CD21C9CD35008CC319 /* Info.plist */,
				65A346C521C9CD34008CC319 /* Chuck_Facts.xcdatamodeld */,
				65A346C821C9CD35008CC319 /* Assets.xcassets */,
			);
			path = "Supporting Files";
			sourceTree = "<group>";
		};
		656DDD2321CF06F5007E584E /* Core */ = {
			isa = PBXGroup;
			children = (
				656DDD2421CF06F9007E584E /* Networking */,
			);
			path = Core;
			sourceTree = "<group>";
		};
		656DDD2421CF06F9007E584E /* Networking */ = {
			isa = PBXGroup;
			children = (
				656DDD2521CF07D8007E584E /* APITests.swift */,
				656DDD2721CF086B007E584E /* RequestHeadersTests.swift */,
				656DDD2921CF0AE4007E584E /* RequestResultFactoryTests.swift */,
				656DDD2B21CF1268007E584E /* RequestErrorFactoryTests.swift */,
			);
			path = Networking;
			sourceTree = "<group>";
		};
		656DDD2D21D01B84007E584E /* App Sections */ = {
			isa = PBXGroup;
			children = (
				656DDD2E21D01B8E007E584E /* Categories List */,
				65790F6321D026F4004712AF /* Fact Details */,
			);
			path = "App Sections";
			sourceTree = "<group>";
		};
		656DDD2E21D01B8E007E584E /* Categories List */ = {
			isa = PBXGroup;
			children = (
				656DDD3321D01E46007E584E /* Networking */,
				29480B0921D0FF3E003DEF8B /* ViewModel */,
			);
			path = "Categories List";
			sourceTree = "<group>";
		};
		656DDD3321D01E46007E584E /* Networking */ = {
			isa = PBXGroup;
			children = (
				656DDD3421D01E51007E584E /* mock */,
				656DDD2F21D01BE6007E584E /* CategoriesEndpointsTests.swift */,
				656DDD3121D01CF3007E584E /* CategoriesRequestTests.swift */,
			);
			path = Networking;
			sourceTree = "<group>";
		};
		656DDD3421D01E51007E584E /* mock */ = {
			isa = PBXGroup;
			children = (
				656DDD3521D01E63007E584E /* CategoriesMock.swift */,
				656DDD3721D02262007E584E /* CategoriesRequester.swift */,
				29480B0F21D102F3003DEF8B /* CategoriesRequestsMock.swift */,
			);
			path = mock;
			sourceTree = "<group>";
		};
		65790F6321D026F4004712AF /* Fact Details */ = {
			isa = PBXGroup;
			children = (
				65790F6421D02704004712AF /* Networking */,
				29480B0A21D0FF49003DEF8B /* ViewModel */,
			);
			path = "Fact Details";
			sourceTree = "<group>";
		};
		65790F6421D02704004712AF /* Networking */ = {
			isa = PBXGroup;
			children = (
				65790F6521D02714004712AF /* mock */,
				65790F7321D03324004712AF /* FactsEndpointsTests.swift */,
				65790F7521D033A0004712AF /* FactRequestTests.swift */,
			);
			path = Networking;
			sourceTree = "<group>";
		};
		65790F6521D02714004712AF /* mock */ = {
			isa = PBXGroup;
			children = (
				65790F6621D02729004712AF /* FactMock.swift */,
				65790F6D21D0316B004712AF /* FactRequester.swift */,
				29480B1121D108C4003DEF8B /* FactRequestMock.swift */,
			);
			path = mock;
			sourceTree = "<group>";
		};
		65790F6821D02747004712AF /* Protocols */ = {
			isa = PBXGroup;
			children = (
				65790F6921D0279C004712AF /* Mock.swift */,
				65790F6B21D03071004712AF /* RequesterMock.swift */,
			);
			path = Protocols;
			sourceTree = "<group>";
		};
		65790F7721D0389C004712AF /* Storyboards */ = {
			isa = PBXGroup;
			children = (
				65A346C221C9CD34008CC319 /* Main.storyboard */,
			);
			path = Storyboards;
			sourceTree = "<group>";
		};
		65790F7821D03ADF004712AF /* TableViewCells */ = {
			isa = PBXGroup;
			children = (
				65790F7921D03B01004712AF /* CategoryTableViewCell.swift */,
			);
			path = TableViewCells;
			sourceTree = "<group>";
		};
		65790F7B21D04750004712AF /* ChuckFactsKit */ = {
			isa = PBXGroup;
			children = (
				65790F7C21D0475A004712AF /* AlertManager */,
			);
			path = ChuckFactsKit;
			sourceTree = "<group>";
		};
		65790F7C21D0475A004712AF /* AlertManager */ = {
			isa = PBXGroup;
			children = (
				65790F7E21D04807004712AF /* FactAlert.swift */,
			);
			path = AlertManager;
			sourceTree = "<group>";
		};
		65790F8221D04E66004712AF /* Extensions */ = {
			isa = PBXGroup;
			children = (
				65790F8321D04E74004712AF /* ViewController+Utils.swift */,
				65790F8521D078C0004712AF /* ImageView+Utils.swift */,
				65790F8721D1640A004712AF /* UIColor+Utils.swift */,
			);
			path = Extensions;
			sourceTree = "<group>";
		};
		65A346B221C9CD33008CC319 = {
			isa = PBXGroup;
			children = (
				65A346BD21C9CD34008CC319 /* Chuck Facts */,
				65A346D521C9CD35008CC319 /* Chuck FactsTests */,
				65A346E021C9CD35008CC319 /* Chuck FactsUITests */,
				65A346BC21C9CD34008CC319 /* Products */,
				0AFA01306F15021B2CD7CDDF /* Pods */,
				0CB42C4A30116777DF1DADC8 /* Frameworks */,
			);
			sourceTree = "<group>";
		};
		65A346BC21C9CD34008CC319 /* Products */ = {
			isa = PBXGroup;
			children = (
				65A346BB21C9CD34008CC319 /* Chuck Facts.app */,
				65A346D221C9CD35008CC319 /* Chuck FactsTests.xctest */,
				65A346DD21C9CD35008CC319 /* Chuck FactsUITests.xctest */,
			);
			name = Products;
			sourceTree = "<group>";
		};
		65A346BD21C9CD34008CC319 /* Chuck Facts */ = {
			isa = PBXGroup;
			children = (
				65A346BE21C9CD34008CC319 /* AppDelegate.swift */,
				652E59CC21CB06F600273194 /* Core */,
				652E59CD21CB070000273194 /* App */,
				65790F7721D0389C004712AF /* Storyboards */,
				652EEB6221C9D1E40072851B /* Supporting Files */,
			);
			path = "Chuck Facts";
			sourceTree = "<group>";
		};
		65A346D521C9CD35008CC319 /* Chuck FactsTests */ = {
			isa = PBXGroup;
			children = (
				65790F6821D02747004712AF /* Protocols */,
				656DDD2D21D01B84007E584E /* App Sections */,
				656DDD2321CF06F5007E584E /* Core */,
				65A346D821C9CD35008CC319 /* Info.plist */,
			);
			path = "Chuck FactsTests";
			sourceTree = "<group>";
		};
		65A346E021C9CD35008CC319 /* Chuck FactsUITests */ = {
			isa = PBXGroup;
			children = (
				65A346E121C9CD35008CC319 /* Chuck_FactsUITests.swift */,
				65A346E321C9CD35008CC319 /* Info.plist */,
			);
			path = "Chuck FactsUITests";
			sourceTree = "<group>";
		};
/* End PBXGroup section */

/* Begin PBXNativeTarget section */
		65A346BA21C9CD33008CC319 /* Chuck Facts */ = {
			isa = PBXNativeTarget;
			buildConfigurationList = 65A346E621C9CD35008CC319 /* Build configuration list for PBXNativeTarget "Chuck Facts" */;
			buildPhases = (
				54EB36BFD6C1095359498DAE /* [CP] Check Pods Manifest.lock */,
				65A346B721C9CD33008CC319 /* Sources */,
				65A346B821C9CD33008CC319 /* Frameworks */,
				65A346B921C9CD33008CC319 /* Resources */,
				652EEB6121C9CFA70072851B /* Linter */,
				C5A173CFEA5D601E908B8600 /* [CP] Embed Pods Frameworks */,
			);
			buildRules = (
			);
			dependencies = (
			);
			name = "Chuck Facts";
			productName = "Chuck Facts";
			productReference = 65A346BB21C9CD34008CC319 /* Chuck Facts.app */;
			productType = "com.apple.product-type.application";
		};
		65A346D121C9CD35008CC319 /* Chuck FactsTests */ = {
			isa = PBXNativeTarget;
			buildConfigurationList = 65A346E921C9CD35008CC319 /* Build configuration list for PBXNativeTarget "Chuck FactsTests" */;
			buildPhases = (
				6FC14663569D206548F44549 /* [CP] Check Pods Manifest.lock */,
				65A346CE21C9CD35008CC319 /* Sources */,
				65A346CF21C9CD35008CC319 /* Frameworks */,
				65A346D021C9CD35008CC319 /* Resources */,
				2DED41843914B4543A2539E2 /* [CP] Embed Pods Frameworks */,
			);
			buildRules = (
			);
			dependencies = (
				65A346D421C9CD35008CC319 /* PBXTargetDependency */,
			);
			name = "Chuck FactsTests";
			productName = "Chuck FactsTests";
			productReference = 65A346D221C9CD35008CC319 /* Chuck FactsTests.xctest */;
			productType = "com.apple.product-type.bundle.unit-test";
		};
		65A346DC21C9CD35008CC319 /* Chuck FactsUITests */ = {
			isa = PBXNativeTarget;
			buildConfigurationList = 65A346EC21C9CD35008CC319 /* Build configuration list for PBXNativeTarget "Chuck FactsUITests" */;
			buildPhases = (
				65A346D921C9CD35008CC319 /* Sources */,
				65A346DA21C9CD35008CC319 /* Frameworks */,
				65A346DB21C9CD35008CC319 /* Resources */,
			);
			buildRules = (
			);
			dependencies = (
				65A346DF21C9CD35008CC319 /* PBXTargetDependency */,
			);
			name = "Chuck FactsUITests";
			productName = "Chuck FactsUITests";
			productReference = 65A346DD21C9CD35008CC319 /* Chuck FactsUITests.xctest */;
			productType = "com.apple.product-type.bundle.ui-testing";
		};
/* End PBXNativeTarget section */

/* Begin PBXProject section */
		65A346B321C9CD33008CC319 /* Project object */ = {
			isa = PBXProject;
			attributes = {
				LastSwiftUpdateCheck = 1010;
				LastUpgradeCheck = 1010;
				ORGANIZATIONNAME = "Cissoto Ramos Tecnologia da Informacao";
				TargetAttributes = {
					65A346BA21C9CD33008CC319 = {
						CreatedOnToolsVersion = 10.1;
					};
					65A346D121C9CD35008CC319 = {
						CreatedOnToolsVersion = 10.1;
						TestTargetID = 65A346BA21C9CD33008CC319;
					};
					65A346DC21C9CD35008CC319 = {
						CreatedOnToolsVersion = 10.1;
						TestTargetID = 65A346BA21C9CD33008CC319;
					};
				};
			};
			buildConfigurationList = 65A346B621C9CD33008CC319 /* Build configuration list for PBXProject "Chuck Facts" */;
			compatibilityVersion = "Xcode 9.3";
			developmentRegion = en;
			hasScannedForEncodings = 0;
			knownRegions = (
				en,
				Base,
			);
			mainGroup = 65A346B221C9CD33008CC319;
			productRefGroup = 65A346BC21C9CD34008CC319 /* Products */;
			projectDirPath = "";
			projectRoot = "";
			targets = (
				65A346BA21C9CD33008CC319 /* Chuck Facts */,
				65A346D121C9CD35008CC319 /* Chuck FactsTests */,
				65A346DC21C9CD35008CC319 /* Chuck FactsUITests */,
			);
		};
/* End PBXProject section */

/* Begin PBXResourcesBuildPhase section */
		65A346B921C9CD33008CC319 /* Resources */ = {
			isa = PBXResourcesBuildPhase;
			buildActionMask = 2147483647;
			files = (
				65A346CC21C9CD35008CC319 /* LaunchScreen.storyboard in Resources */,
				65A346C921C9CD35008CC319 /* Assets.xcassets in Resources */,
				65A346C421C9CD34008CC319 /* Main.storyboard in Resources */,
			);
			runOnlyForDeploymentPostprocessing = 0;
		};
		65A346D021C9CD35008CC319 /* Resources */ = {
			isa = PBXResourcesBuildPhase;
			buildActionMask = 2147483647;
			files = (
			);
			runOnlyForDeploymentPostprocessing = 0;
		};
		65A346DB21C9CD35008CC319 /* Resources */ = {
			isa = PBXResourcesBuildPhase;
			buildActionMask = 2147483647;
			files = (
			);
			runOnlyForDeploymentPostprocessing = 0;
		};
/* End PBXResourcesBuildPhase section */

/* Begin PBXShellScriptBuildPhase section */
		2DED41843914B4543A2539E2 /* [CP] Embed Pods Frameworks */ = {
			isa = PBXShellScriptBuildPhase;
			buildActionMask = 2147483647;
			files = (
			);
			inputFileListPaths = (
			);
			inputPaths = (
				"${SRCROOT}/Pods/Target Support Files/Pods-Chuck FactsTests/Pods-Chuck FactsTests-frameworks.sh",
				"${BUILT_PRODUCTS_DIR}/RxCocoa/RxCocoa.framework",
				"${BUILT_PRODUCTS_DIR}/RxSwift/RxSwift.framework",
			);
			name = "[CP] Embed Pods Frameworks";
			outputFileListPaths = (
			);
			outputPaths = (
				"${TARGET_BUILD_DIR}/${FRAMEWORKS_FOLDER_PATH}/RxCocoa.framework",
				"${TARGET_BUILD_DIR}/${FRAMEWORKS_FOLDER_PATH}/RxSwift.framework",
			);
			runOnlyForDeploymentPostprocessing = 0;
			shellPath = /bin/sh;
			shellScript = "\"${SRCROOT}/Pods/Target Support Files/Pods-Chuck FactsTests/Pods-Chuck FactsTests-frameworks.sh\"\n";
			showEnvVarsInLog = 0;
		};
		54EB36BFD6C1095359498DAE /* [CP] Check Pods Manifest.lock */ = {
			isa = PBXShellScriptBuildPhase;
			buildActionMask = 2147483647;
			files = (
			);
			inputFileListPaths = (
			);
			inputPaths = (
				"${PODS_PODFILE_DIR_PATH}/Podfile.lock",
				"${PODS_ROOT}/Manifest.lock",
			);
			name = "[CP] Check Pods Manifest.lock";
			outputFileListPaths = (
			);
			outputPaths = (
				"$(DERIVED_FILE_DIR)/Pods-Chuck Facts-checkManifestLockResult.txt",
			);
			runOnlyForDeploymentPostprocessing = 0;
			shellPath = /bin/sh;
			shellScript = "diff \"${PODS_PODFILE_DIR_PATH}/Podfile.lock\" \"${PODS_ROOT}/Manifest.lock\" > /dev/null\nif [ $? != 0 ] ; then\n    # print error to STDERR\n    echo \"error: The sandbox is not in sync with the Podfile.lock. Run 'pod install' or update your CocoaPods installation.\" >&2\n    exit 1\nfi\n# This output is used by Xcode 'outputs' to avoid re-running this script phase.\necho \"SUCCESS\" > \"${SCRIPT_OUTPUT_FILE_0}\"\n";
			showEnvVarsInLog = 0;
		};
		652EEB6121C9CFA70072851B /* Linter */ = {
			isa = PBXShellScriptBuildPhase;
			buildActionMask = 2147483647;
			files = (
			);
			inputFileListPaths = (
			);
			inputPaths = (
			);
			name = Linter;
			outputFileListPaths = (
			);
			outputPaths = (
			);
			runOnlyForDeploymentPostprocessing = 0;
			shellPath = /bin/sh;
			shellScript = "# Type a script or drag a script file from your workspace to insert its path.\nif which swiftlint >/dev/null; then\nswiftlint\nelse\necho \"warning: SwiftLint not installed, download from https://github.com/realm/SwiftLint\"\nfi\n";
		};
		6FC14663569D206548F44549 /* [CP] Check Pods Manifest.lock */ = {
			isa = PBXShellScriptBuildPhase;
			buildActionMask = 2147483647;
			files = (
			);
			inputFileListPaths = (
			);
			inputPaths = (
				"${PODS_PODFILE_DIR_PATH}/Podfile.lock",
				"${PODS_ROOT}/Manifest.lock",
			);
			name = "[CP] Check Pods Manifest.lock";
			outputFileListPaths = (
			);
			outputPaths = (
				"$(DERIVED_FILE_DIR)/Pods-Chuck FactsTests-checkManifestLockResult.txt",
			);
			runOnlyForDeploymentPostprocessing = 0;
			shellPath = /bin/sh;
			shellScript = "diff \"${PODS_PODFILE_DIR_PATH}/Podfile.lock\" \"${PODS_ROOT}/Manifest.lock\" > /dev/null\nif [ $? != 0 ] ; then\n    # print error to STDERR\n    echo \"error: The sandbox is not in sync with the Podfile.lock. Run 'pod install' or update your CocoaPods installation.\" >&2\n    exit 1\nfi\n# This output is used by Xcode 'outputs' to avoid re-running this script phase.\necho \"SUCCESS\" > \"${SCRIPT_OUTPUT_FILE_0}\"\n";
			showEnvVarsInLog = 0;
		};
		C5A173CFEA5D601E908B8600 /* [CP] Embed Pods Frameworks */ = {
			isa = PBXShellScriptBuildPhase;
			buildActionMask = 2147483647;
			files = (
			);
			inputFileListPaths = (
			);
			inputPaths = (
				"${SRCROOT}/Pods/Target Support Files/Pods-Chuck Facts/Pods-Chuck Facts-frameworks.sh",
				"${BUILT_PRODUCTS_DIR}/Differentiator/Differentiator.framework",
				"${BUILT_PRODUCTS_DIR}/ReachabilitySwift/Reachability.framework",
				"${BUILT_PRODUCTS_DIR}/RxCocoa/RxCocoa.framework",
				"${BUILT_PRODUCTS_DIR}/RxDataSources/RxDataSources.framework",
				"${BUILT_PRODUCTS_DIR}/RxSwift/RxSwift.framework",
			);
			name = "[CP] Embed Pods Frameworks";
			outputFileListPaths = (
			);
			outputPaths = (
				"${TARGET_BUILD_DIR}/${FRAMEWORKS_FOLDER_PATH}/Differentiator.framework",
				"${TARGET_BUILD_DIR}/${FRAMEWORKS_FOLDER_PATH}/Reachability.framework",
				"${TARGET_BUILD_DIR}/${FRAMEWORKS_FOLDER_PATH}/RxCocoa.framework",
				"${TARGET_BUILD_DIR}/${FRAMEWORKS_FOLDER_PATH}/RxDataSources.framework",
				"${TARGET_BUILD_DIR}/${FRAMEWORKS_FOLDER_PATH}/RxSwift.framework",
			);
			runOnlyForDeploymentPostprocessing = 0;
			shellPath = /bin/sh;
			shellScript = "\"${SRCROOT}/Pods/Target Support Files/Pods-Chuck Facts/Pods-Chuck Facts-frameworks.sh\"\n";
			showEnvVarsInLog = 0;
		};
/* End PBXShellScriptBuildPhase section */

/* Begin PBXSourcesBuildPhase section */
		65A346B721C9CD33008CC319 /* Sources */ = {
			isa = PBXSourcesBuildPhase;
			buildActionMask = 2147483647;
			files = (
				652E59E121CB08A200273194 /* Fact.swift in Sources */,
				652E59C821CB034700273194 /* EndpointSetup.swift in Sources */,
				650F1F3021CB11280024CAFE /* CategoriesRequests.swift in Sources */,
				652E59D921CB07F200273194 /* CategoriesListViewModel.swift in Sources */,
				652E59BC21CB034700273194 /* Requester.swift in Sources */,
				65A346BF21C9CD34008CC319 /* AppDelegate.swift in Sources */,
				652E59CB21CB034700273194 /* RequestError.swift in Sources */,
				652E59C621CB034700273194 /* RequestSetup.swift in Sources */,
				652E59C421CB034700273194 /* RequestStatus.swift in Sources */,
				650F1F2A21CB102B0024CAFE /* FactEndpoints.swift in Sources */,
				652E59BE21CB034700273194 /* RequestMethods.swift in Sources */,
				65790F7A21D03B01004712AF /* CategoryTableViewCell.swift in Sources */,
				652E59CA21CB034700273194 /* APISetup.swift in Sources */,
				652E59BF21CB034700273194 /* RequestHeaders.swift in Sources */,
				652E59C521CB034700273194 /* API.swift in Sources */,
				650F1F2C21CB104C0024CAFE /* FactDetailsViewModel.swift in Sources */,
				65790F8621D078C0004712AF /* ImageView+Utils.swift in Sources */,
				65790F8421D04E74004712AF /* ViewController+Utils.swift in Sources */,
				652E59C321CB034700273194 /* URLSession+Utils.swift in Sources */,
				652E59C721CB034700273194 /* HeaderSetup.swift in Sources */,
				65A346C721C9CD34008CC319 /* Chuck_Facts.xcdatamodeld in Sources */,
				652E59BD21CB034700273194 /* RequestResult.swift in Sources */,
				650F1F3221CB18310024CAFE /* FactRequests.swift in Sources */,
				652E59DB21CB080700273194 /* CategoriesListViewController.swift in Sources */,
				65790F7F21D04807004712AF /* FactAlert.swift in Sources */,
				652E59C121CB034700273194 /* URLRequest+Utils.swift in Sources */,
				650F1F2E21CB10590024CAFE /* FactDetailsViewController.swift in Sources */,
				652E59D521CB07C100273194 /* CategoriesEndpoints.swift in Sources */,
				652E59D721CB07D300273194 /* Category.swift in Sources */,
				652E59C021CB034700273194 /* Decodable+Utils.swift in Sources */,
				652E59C921CB034700273194 /* NetworkDataSetup.swift in Sources */,
				65790F8821D1640A004712AF /* UIColor+Utils.swift in Sources */,
			);
			runOnlyForDeploymentPostprocessing = 0;
		};
		65A346CE21C9CD35008CC319 /* Sources */ = {
			isa = PBXSourcesBuildPhase;
			buildActionMask = 2147483647;
			files = (
				65790F6E21D0316B004712AF /* FactRequester.swift in Sources */,
				65790F7621D033A0004712AF /* FactRequestTests.swift in Sources */,
				656DDD3021D01BE6007E584E /* CategoriesEndpointsTests.swift in Sources */,
				29480B1221D108C4003DEF8B /* FactRequestMock.swift in Sources */,
				65790F6A21D0279C004712AF /* Mock.swift in Sources */,
				656DDD2621CF07D8007E584E /* APITests.swift in Sources */,
				656DDD3821D02262007E584E /* CategoriesRequester.swift in Sources */,
				65790F6C21D03071004712AF /* RequesterMock.swift in Sources */,
				656DDD2A21CF0AE4007E584E /* RequestResultFactoryTests.swift in Sources */,
				656DDD2821CF086B007E584E /* RequestHeadersTests.swift in Sources */,
				29480B1021D102F3003DEF8B /* CategoriesRequestsMock.swift in Sources */,
				656DDD3621D01E63007E584E /* CategoriesMock.swift in Sources */,
				656DDD2C21CF1268007E584E /* RequestErrorFactoryTests.swift in Sources */,
				656DDD3221D01CF3007E584E /* CategoriesRequestTests.swift in Sources */,
				29480B0C21D0FF82003DEF8B /* CategoriesListViewModelTests.swift in Sources */,
				29480B0E21D0FFA8003DEF8B /* FactDetailsViewModelTests.swift in Sources */,
				65790F7421D03324004712AF /* FactsEndpointsTests.swift in Sources */,
				65790F6721D02729004712AF /* FactMock.swift in Sources */,
			);
			runOnlyForDeploymentPostprocessing = 0;
		};
		65A346D921C9CD35008CC319 /* Sources */ = {
			isa = PBXSourcesBuildPhase;
			buildActionMask = 2147483647;
			files = (
				65A346E221C9CD35008CC319 /* Chuck_FactsUITests.swift in Sources */,
			);
			runOnlyForDeploymentPostprocessing = 0;
		};
/* End PBXSourcesBuildPhase section */

/* Begin PBXTargetDependency section */
		65A346D421C9CD35008CC319 /* PBXTargetDependency */ = {
			isa = PBXTargetDependency;
			target = 65A346BA21C9CD33008CC319 /* Chuck Facts */;
			targetProxy = 65A346D321C9CD35008CC319 /* PBXContainerItemProxy */;
		};
		65A346DF21C9CD35008CC319 /* PBXTargetDependency */ = {
			isa = PBXTargetDependency;
			target = 65A346BA21C9CD33008CC319 /* Chuck Facts */;
			targetProxy = 65A346DE21C9CD35008CC319 /* PBXContainerItemProxy */;
		};
/* End PBXTargetDependency section */

/* Begin PBXVariantGroup section */
		65A346C221C9CD34008CC319 /* Main.storyboard */ = {
			isa = PBXVariantGroup;
			children = (
				65A346C321C9CD34008CC319 /* Base */,
			);
			name = Main.storyboard;
			sourceTree = "<group>";
		};
		65A346CA21C9CD35008CC319 /* LaunchScreen.storyboard */ = {
			isa = PBXVariantGroup;
			children = (
				65A346CB21C9CD35008CC319 /* Base */,
			);
			name = LaunchScreen.storyboard;
			sourceTree = "<group>";
		};
/* End PBXVariantGroup section */

/* Begin XCBuildConfiguration section */
		65A346E421C9CD35008CC319 /* Debug */ = {
			isa = XCBuildConfiguration;
			buildSettings = {
				ALWAYS_SEARCH_USER_PATHS = NO;
				CLANG_ANALYZER_NONNULL = YES;
				CLANG_ANALYZER_NUMBER_OBJECT_CONVERSION = YES_AGGRESSIVE;
				CLANG_CXX_LANGUAGE_STANDARD = "gnu++14";
				CLANG_CXX_LIBRARY = "libc++";
				CLANG_ENABLE_MODULES = YES;
				CLANG_ENABLE_OBJC_ARC = YES;
				CLANG_ENABLE_OBJC_WEAK = YES;
				CLANG_WARN_BLOCK_CAPTURE_AUTORELEASING = YES;
				CLANG_WARN_BOOL_CONVERSION = YES;
				CLANG_WARN_COMMA = YES;
				CLANG_WARN_CONSTANT_CONVERSION = YES;
				CLANG_WARN_DEPRECATED_OBJC_IMPLEMENTATIONS = YES;
				CLANG_WARN_DIRECT_OBJC_ISA_USAGE = YES_ERROR;
				CLANG_WARN_DOCUMENTATION_COMMENTS = YES;
				CLANG_WARN_EMPTY_BODY = YES;
				CLANG_WARN_ENUM_CONVERSION = YES;
				CLANG_WARN_INFINITE_RECURSION = YES;
				CLANG_WARN_INT_CONVERSION = YES;
				CLANG_WARN_NON_LITERAL_NULL_CONVERSION = YES;
				CLANG_WARN_OBJC_IMPLICIT_RETAIN_SELF = YES;
				CLANG_WARN_OBJC_LITERAL_CONVERSION = YES;
				CLANG_WARN_OBJC_ROOT_CLASS = YES_ERROR;
				CLANG_WARN_RANGE_LOOP_ANALYSIS = YES;
				CLANG_WARN_STRICT_PROTOTYPES = YES;
				CLANG_WARN_SUSPICIOUS_MOVE = YES;
				CLANG_WARN_UNGUARDED_AVAILABILITY = YES_AGGRESSIVE;
				CLANG_WARN_UNREACHABLE_CODE = YES;
				CLANG_WARN__DUPLICATE_METHOD_MATCH = YES;
				CODE_SIGN_IDENTITY = "iPhone Developer";
				COPY_PHASE_STRIP = NO;
				DEBUG_INFORMATION_FORMAT = dwarf;
				ENABLE_STRICT_OBJC_MSGSEND = YES;
				ENABLE_TESTABILITY = YES;
				GCC_C_LANGUAGE_STANDARD = gnu11;
				GCC_DYNAMIC_NO_PIC = NO;
				GCC_NO_COMMON_BLOCKS = YES;
				GCC_OPTIMIZATION_LEVEL = 0;
				GCC_PREPROCESSOR_DEFINITIONS = (
					"DEBUG=1",
					"$(inherited)",
				);
				GCC_WARN_64_TO_32_BIT_CONVERSION = YES;
				GCC_WARN_ABOUT_RETURN_TYPE = YES_ERROR;
				GCC_WARN_UNDECLARED_SELECTOR = YES;
				GCC_WARN_UNINITIALIZED_AUTOS = YES_AGGRESSIVE;
				GCC_WARN_UNUSED_FUNCTION = YES;
				GCC_WARN_UNUSED_VARIABLE = YES;
				IPHONEOS_DEPLOYMENT_TARGET = 12.1;
				MTL_ENABLE_DEBUG_INFO = INCLUDE_SOURCE;
				MTL_FAST_MATH = YES;
				ONLY_ACTIVE_ARCH = YES;
				SDKROOT = iphoneos;
				SWIFT_ACTIVE_COMPILATION_CONDITIONS = DEBUG;
				SWIFT_OPTIMIZATION_LEVEL = "-Onone";
			};
			name = Debug;
		};
		65A346E521C9CD35008CC319 /* Release */ = {
			isa = XCBuildConfiguration;
			buildSettings = {
				ALWAYS_SEARCH_USER_PATHS = NO;
				CLANG_ANALYZER_NONNULL = YES;
				CLANG_ANALYZER_NUMBER_OBJECT_CONVERSION = YES_AGGRESSIVE;
				CLANG_CXX_LANGUAGE_STANDARD = "gnu++14";
				CLANG_CXX_LIBRARY = "libc++";
				CLANG_ENABLE_MODULES = YES;
				CLANG_ENABLE_OBJC_ARC = YES;
				CLANG_ENABLE_OBJC_WEAK = YES;
				CLANG_WARN_BLOCK_CAPTURE_AUTORELEASING = YES;
				CLANG_WARN_BOOL_CONVERSION = YES;
				CLANG_WARN_COMMA = YES;
				CLANG_WARN_CONSTANT_CONVERSION = YES;
				CLANG_WARN_DEPRECATED_OBJC_IMPLEMENTATIONS = YES;
				CLANG_WARN_DIRECT_OBJC_ISA_USAGE = YES_ERROR;
				CLANG_WARN_DOCUMENTATION_COMMENTS = YES;
				CLANG_WARN_EMPTY_BODY = YES;
				CLANG_WARN_ENUM_CONVERSION = YES;
				CLANG_WARN_INFINITE_RECURSION = YES;
				CLANG_WARN_INT_CONVERSION = YES;
				CLANG_WARN_NON_LITERAL_NULL_CONVERSION = YES;
				CLANG_WARN_OBJC_IMPLICIT_RETAIN_SELF = YES;
				CLANG_WARN_OBJC_LITERAL_CONVERSION = YES;
				CLANG_WARN_OBJC_ROOT_CLASS = YES_ERROR;
				CLANG_WARN_RANGE_LOOP_ANALYSIS = YES;
				CLANG_WARN_STRICT_PROTOTYPES = YES;
				CLANG_WARN_SUSPICIOUS_MOVE = YES;
				CLANG_WARN_UNGUARDED_AVAILABILITY = YES_AGGRESSIVE;
				CLANG_WARN_UNREACHABLE_CODE = YES;
				CLANG_WARN__DUPLICATE_METHOD_MATCH = YES;
				CODE_SIGN_IDENTITY = "iPhone Developer";
				COPY_PHASE_STRIP = NO;
				DEBUG_INFORMATION_FORMAT = "dwarf-with-dsym";
				ENABLE_NS_ASSERTIONS = NO;
				ENABLE_STRICT_OBJC_MSGSEND = YES;
				GCC_C_LANGUAGE_STANDARD = gnu11;
				GCC_NO_COMMON_BLOCKS = YES;
				GCC_WARN_64_TO_32_BIT_CONVERSION = YES;
				GCC_WARN_ABOUT_RETURN_TYPE = YES_ERROR;
				GCC_WARN_UNDECLARED_SELECTOR = YES;
				GCC_WARN_UNINITIALIZED_AUTOS = YES_AGGRESSIVE;
				GCC_WARN_UNUSED_FUNCTION = YES;
				GCC_WARN_UNUSED_VARIABLE = YES;
				IPHONEOS_DEPLOYMENT_TARGET = 12.1;
				MTL_ENABLE_DEBUG_INFO = NO;
				MTL_FAST_MATH = YES;
				SDKROOT = iphoneos;
				SWIFT_COMPILATION_MODE = wholemodule;
				SWIFT_OPTIMIZATION_LEVEL = "-O";
				VALIDATE_PRODUCT = YES;
			};
			name = Release;
		};
		65A346E721C9CD35008CC319 /* Debug */ = {
			isa = XCBuildConfiguration;
			baseConfigurationReference = 0EF44A4D4F1D9F3844499A9F /* Pods-Chuck Facts.debug.xcconfig */;
			buildSettings = {
				ASSETCATALOG_COMPILER_APPICON_NAME = AppIcon;
				CODE_SIGN_STYLE = Automatic;
				DEVELOPMENT_TEAM = 9G4HC2GYZM;
				INFOPLIST_FILE = "Chuck Facts/Supporting Files/Info.plist";
				IPHONEOS_DEPLOYMENT_TARGET = 9.0;
				LD_RUNPATH_SEARCH_PATHS = (
					"$(inherited)",
					"@executable_path/Frameworks",
				);
				PRODUCT_BUNDLE_IDENTIFIER = "br.com.cissotoramos.suecasocial.Chuck-Facts";
				PRODUCT_NAME = "$(TARGET_NAME)";
				SWIFT_VERSION = 4.2;
				TARGETED_DEVICE_FAMILY = "1,2";
			};
			name = Debug;
		};
		65A346E821C9CD35008CC319 /* Release */ = {
			isa = XCBuildConfiguration;
			baseConfigurationReference = 68B0145D8D21E26814262F90 /* Pods-Chuck Facts.release.xcconfig */;
			buildSettings = {
				ASSETCATALOG_COMPILER_APPICON_NAME = AppIcon;
				CODE_SIGN_STYLE = Automatic;
				DEVELOPMENT_TEAM = 9G4HC2GYZM;
				INFOPLIST_FILE = "Chuck Facts/Supporting Files/Info.plist";
				IPHONEOS_DEPLOYMENT_TARGET = 9.0;
				LD_RUNPATH_SEARCH_PATHS = (
					"$(inherited)",
					"@executable_path/Frameworks",
				);
				PRODUCT_BUNDLE_IDENTIFIER = "br.com.cissotoramos.suecasocial.Chuck-Facts";
				PRODUCT_NAME = "$(TARGET_NAME)";
				SWIFT_VERSION = 4.2;
				TARGETED_DEVICE_FAMILY = "1,2";
			};
			name = Release;
		};
		65A346EA21C9CD35008CC319 /* Debug */ = {
			isa = XCBuildConfiguration;
			baseConfigurationReference = 055B333FF0A10498FF83F335 /* Pods-Chuck FactsTests.debug.xcconfig */;
			buildSettings = {
				ALWAYS_EMBED_SWIFT_STANDARD_LIBRARIES = YES;
				BUNDLE_LOADER = "$(TEST_HOST)";
				CODE_SIGN_STYLE = Automatic;
				DEVELOPMENT_TEAM = 9G4HC2GYZM;
				INFOPLIST_FILE = "Chuck FactsTests/Info.plist";
				LD_RUNPATH_SEARCH_PATHS = (
					"$(inherited)",
					"@executable_path/Frameworks",
					"@loader_path/Frameworks",
				);
				PRODUCT_BUNDLE_IDENTIFIER = "br.com.cissotoramos.suecasocial.Chuck-FactsTests";
				PRODUCT_NAME = "$(TARGET_NAME)";
				SWIFT_VERSION = 4.2;
				TARGETED_DEVICE_FAMILY = "1,2";
				TEST_HOST = "$(BUILT_PRODUCTS_DIR)/Chuck Facts.app/Chuck Facts";
			};
			name = Debug;
		};
		65A346EB21C9CD35008CC319 /* Release */ = {
			isa = XCBuildConfiguration;
			baseConfigurationReference = 12D5A02B9697FB2449AAEE26 /* Pods-Chuck FactsTests.release.xcconfig */;
			buildSettings = {
				ALWAYS_EMBED_SWIFT_STANDARD_LIBRARIES = YES;
				BUNDLE_LOADER = "$(TEST_HOST)";
				CODE_SIGN_STYLE = Automatic;
				DEVELOPMENT_TEAM = 9G4HC2GYZM;
				INFOPLIST_FILE = "Chuck FactsTests/Info.plist";
				LD_RUNPATH_SEARCH_PATHS = (
					"$(inherited)",
					"@executable_path/Frameworks",
					"@loader_path/Frameworks",
				);
				PRODUCT_BUNDLE_IDENTIFIER = "br.com.cissotoramos.suecasocial.Chuck-FactsTests";
				PRODUCT_NAME = "$(TARGET_NAME)";
				SWIFT_VERSION = 4.2;
				TARGETED_DEVICE_FAMILY = "1,2";
				TEST_HOST = "$(BUILT_PRODUCTS_DIR)/Chuck Facts.app/Chuck Facts";
			};
			name = Release;
		};
		65A346ED21C9CD35008CC319 /* Debug */ = {
			isa = XCBuildConfiguration;
			buildSettings = {
				ALWAYS_EMBED_SWIFT_STANDARD_LIBRARIES = YES;
				CODE_SIGN_STYLE = Automatic;
				DEVELOPMENT_TEAM = 9G4HC2GYZM;
				INFOPLIST_FILE = "Chuck FactsUITests/Info.plist";
				LD_RUNPATH_SEARCH_PATHS = (
					"$(inherited)",
					"@executable_path/Frameworks",
					"@loader_path/Frameworks",
				);
				PRODUCT_BUNDLE_IDENTIFIER = "br.com.cissotoramos.suecasocial.Chuck-FactsUITests";
				PRODUCT_NAME = "$(TARGET_NAME)";
				SWIFT_VERSION = 4.2;
				TARGETED_DEVICE_FAMILY = "1,2";
				TEST_TARGET_NAME = "Chuck Facts";
			};
			name = Debug;
		};
		65A346EE21C9CD35008CC319 /* Release */ = {
			isa = XCBuildConfiguration;
			buildSettings = {
				ALWAYS_EMBED_SWIFT_STANDARD_LIBRARIES = YES;
				CODE_SIGN_STYLE = Automatic;
				DEVELOPMENT_TEAM = 9G4HC2GYZM;
				INFOPLIST_FILE = "Chuck FactsUITests/Info.plist";
				LD_RUNPATH_SEARCH_PATHS = (
					"$(inherited)",
					"@executable_path/Frameworks",
					"@loader_path/Frameworks",
				);
				PRODUCT_BUNDLE_IDENTIFIER = "br.com.cissotoramos.suecasocial.Chuck-FactsUITests";
				PRODUCT_NAME = "$(TARGET_NAME)";
				SWIFT_VERSION = 4.2;
				TARGETED_DEVICE_FAMILY = "1,2";
				TEST_TARGET_NAME = "Chuck Facts";
			};
			name = Release;
		};
/* End XCBuildConfiguration section */

/* Begin XCConfigurationList section */
		65A346B621C9CD33008CC319 /* Build configuration list for PBXProject "Chuck Facts" */ = {
			isa = XCConfigurationList;
			buildConfigurations = (
				65A346E421C9CD35008CC319 /* Debug */,
				65A346E521C9CD35008CC319 /* Release */,
			);
			defaultConfigurationIsVisible = 0;
			defaultConfigurationName = Release;
		};
		65A346E621C9CD35008CC319 /* Build configuration list for PBXNativeTarget "Chuck Facts" */ = {
			isa = XCConfigurationList;
			buildConfigurations = (
				65A346E721C9CD35008CC319 /* Debug */,
				65A346E821C9CD35008CC319 /* Release */,
			);
			defaultConfigurationIsVisible = 0;
			defaultConfigurationName = Release;
		};
		65A346E921C9CD35008CC319 /* Build configuration list for PBXNativeTarget "Chuck FactsTests" */ = {
			isa = XCConfigurationList;
			buildConfigurations = (
				65A346EA21C9CD35008CC319 /* Debug */,
				65A346EB21C9CD35008CC319 /* Release */,
			);
			defaultConfigurationIsVisible = 0;
			defaultConfigurationName = Release;
		};
		65A346EC21C9CD35008CC319 /* Build configuration list for PBXNativeTarget "Chuck FactsUITests" */ = {
			isa = XCConfigurationList;
			buildConfigurations = (
				65A346ED21C9CD35008CC319 /* Debug */,
				65A346EE21C9CD35008CC319 /* Release */,
			);
			defaultConfigurationIsVisible = 0;
			defaultConfigurationName = Release;
		};
/* End XCConfigurationList section */

/* Begin XCVersionGroup section */
		65A346C521C9CD34008CC319 /* Chuck_Facts.xcdatamodeld */ = {
			isa = XCVersionGroup;
			children = (
				65A346C621C9CD34008CC319 /* Chuck_Facts.xcdatamodel */,
			);
			currentVersion = 65A346C621C9CD34008CC319 /* Chuck_Facts.xcdatamodel */;
			path = Chuck_Facts.xcdatamodeld;
			sourceTree = "<group>";
			versionGroupType = wrapper.xcdatamodel;
		};
/* End XCVersionGroup section */
	};
	rootObject = 65A346B321C9CD33008CC319 /* Project object */;
}
